
Microsoft Visual Studio Solution File, Format Version 12.00
# Visual Studio Version 17
VisualStudioVersion = 17.9.34728.123
MinimumVisualStudioVersion = 10.0.40219.1
Project("{9A19103F-16F7-4668-BE54-9A1E7A4F7556}") = "Feather", "Feather\Feather.csproj", "{CE8022F3-A63F-4DE3-9392-A9362C176BBA}"
EndProject
Project("{FAE04EC0-301F-11D3-BF4B-00C04F79EFBC}") = "FeatherGUI", "FeatherGUI\FeatherGUI.csproj", "{EEC838B1-0C8D-4CF8-8EF1-3CB82EC9246A}"
EndProject
Global
	GlobalSection(SolutionConfigurationPlatforms) = preSolution
		Debug|Any CPU = Debug|Any CPU
		Release|Any CPU = Release|Any CPU
	EndGlobalSection
	GlobalSection(ProjectConfigurationPlatforms) = postSolution
		{CE8022F3-A63F-4DE3-9392-A9362C176BBA}.Debug|Any CPU.ActiveCfg = Debug|Any CPU
		{CE8022F3-A63F-4DE3-9392-A9362C176BBA}.Debug|Any CPU.Build.0 = Debug|Any CPU
		{CE8022F3-A63F-4DE3-9392-A9362C176BBA}.Release|Any CPU.ActiveCfg = Release|Any CPU
		{CE8022F3-A63F-4DE3-9392-A9362C176BBA}.Release|Any CPU.Build.0 = Release|Any CPU
		{EEC838B1-0C8D-4CF8-8EF1-3CB82EC9246A}.Debug|Any CPU.ActiveCfg = Debug|Any CPU
		{EEC838B1-0C8D-4CF8-8EF1-3CB82EC9246A}.Debug|Any CPU.Build.0 = Debug|Any CPU
		{EEC838B1-0C8D-4CF8-8EF1-3CB82EC9246A}.Release|Any CPU.ActiveCfg = Release|Any CPU
		{EEC838B1-0C8D-4CF8-8EF1-3CB82EC9246A}.Release|Any CPU.Build.0 = Release|Any CPU
	EndGlobalSection
	GlobalSection(SolutionProperties) = preSolution
		HideSolutionNode = FALSE
	EndGlobalSection
	GlobalSection(ExtensibilityGlobals) = postSolution
		SolutionGuid = {1F652C56-DBB8-42B1-890C-C82E995D588E}
	EndGlobalSection
EndGlobal
